
Microsoft Visual Studio Solution File, Format Version 12.00
# Visual Studio Version 17
VisualStudioVersion = 17.14.36811.4
MinimumVisualStudioVersion = 10.0.40219.1
Project("{FAE04EC0-301F-11D3-BF4B-00C04F79EFBC}") = "costa_serena_grand_hotel_FRONTEND", "costa_serena_grand_hotel_FRONTEND\costa_serena_grand_hotel_FRONTEND.csproj", "{A4C6DFA2-931B-4CA9-BD70-A0F5E6826D8D}"
EndProject
Global
	GlobalSection(SolutionConfigurationPlatforms) = preSolution
		Debug|Any CPU = Debug|Any CPU
		Release|Any CPU = Release|Any CPU
	EndGlobalSection
	GlobalSection(ProjectConfigurationPlatforms) = postSolution
		{A4C6DFA2-931B-4CA9-BD70-A0F5E6826D8D}.Debug|Any CPU.ActiveCfg = Debug|Any CPU
		{A4C6DFA2-931B-4CA9-BD70-A0F5E6826D8D}.Debug|Any CPU.Build.0 = Debug|Any CPU
		{A4C6DFA2-931B-4CA9-BD70-A0F5E6826D8D}.Release|Any CPU.ActiveCfg = Release|Any CPU
		{A4C6DFA2-931B-4CA9-BD70-A0F5E6826D8D}.Release|Any CPU.Build.0 = Release|Any CPU
	EndGlobalSection
	GlobalSection(SolutionProperties) = preSolution
		HideSolutionNode = FALSE
	EndGlobalSection
	GlobalSection(ExtensibilityGlobals) = postSolution
		SolutionGuid = {A777F3D6-CF27-4782-819B-F7014F9C4700}
	EndGlobalSection
EndGlobal
